
Microsoft Visual Studio Solution File, Format Version 12.00
# Visual Studio Version 16
VisualStudioVersion = 16.0.29709.97
MinimumVisualStudioVersion = 10.0.40219.1
Project("{FAE04EC0-301F-11D3-BF4B-00C04F79EFBC}") = "DAN_LIV_Jasmina_Kostadinovic", "DAN_LIV_Jasmina_Kostadinovic\DAN_LIV_Jasmina_Kostadinovic.csproj", "{74E522C6-EBB4-4757-9B8B-C6F70EE92225}"
EndProject
Global
	GlobalSection(SolutionConfigurationPlatforms) = preSolution
		Debug|Any CPU = Debug|Any CPU
		Release|Any CPU = Release|Any CPU
	EndGlobalSection
	GlobalSection(ProjectConfigurationPlatforms) = postSolution
		{74E522C6-EBB4-4757-9B8B-C6F70EE92225}.Debug|Any CPU.ActiveCfg = Debug|Any CPU
		{74E522C6-EBB4-4757-9B8B-C6F70EE92225}.Debug|Any CPU.Build.0 = Debug|Any CPU
		{74E522C6-EBB4-4757-9B8B-C6F70EE92225}.Release|Any CPU.ActiveCfg = Release|Any CPU
		{74E522C6-EBB4-4757-9B8B-C6F70EE92225}.Release|Any CPU.Build.0 = Release|Any CPU
	EndGlobalSection
	GlobalSection(SolutionProperties) = preSolution
		HideSolutionNode = FALSE
	EndGlobalSection
	GlobalSection(ExtensibilityGlobals) = postSolution
		SolutionGuid = {85B3C732-2667-4444-AE92-4D60B0FC6AF9}
	EndGlobalSection
EndGlobal
